// !$*UTF8*$!
{
	archiveVersion = 1;
	classes = {
	};
	objectVersion = 50;
	objects = {

/* Begin PBXBuildFile section */
		6E6E454225096A1A00424ADF /* AppDelegate.swift in Sources */ = {isa = PBXBuildFile; fileRef = 6E6E454125096A1A00424ADF /* AppDelegate.swift */; };
		6E6E454425096A1A00424ADF /* SceneDelegate.swift in Sources */ = {isa = PBXBuildFile; fileRef = 6E6E454325096A1A00424ADF /* SceneDelegate.swift */; };
		6E6E454625096A1A00424ADF /* ViewController.swift in Sources */ = {isa = PBXBuildFile; fileRef = 6E6E454525096A1A00424ADF /* ViewController.swift */; };
		6E6E454925096A1A00424ADF /* Main.storyboard in Resources */ = {isa = PBXBuildFile; fileRef = 6E6E454725096A1A00424ADF /* Main.storyboard */; };
		6E6E454B25096A1C00424ADF /* Assets.xcassets in Resources */ = {isa = PBXBuildFile; fileRef = 6E6E454A25096A1C00424ADF /* Assets.xcassets */; };
		6E6E454E25096A1C00424ADF /* LaunchScreen.storyboard in Resources */ = {isa = PBXBuildFile; fileRef = 6E6E454C25096A1C00424ADF /* LaunchScreen.storyboard */; };
		6E6E455925096A1C00424ADF /* Task1Tests.swift in Sources */ = {isa = PBXBuildFile; fileRef = 6E6E455825096A1C00424ADF /* Task1Tests.swift */; };
		6E6E456425096A1C00424ADF /* Task1UITests.swift in Sources */ = {isa = PBXBuildFile; fileRef = 6E6E456325096A1C00424ADF /* Task1UITests.swift */; };
		6EFA54462514EFFD003411EA /* ImageLoader.swift in Sources */ = {isa = PBXBuildFile; fileRef = 6EFA54452514EFFD003411EA /* ImageLoader.swift */; };
/* End PBXBuildFile section */

/* Begin PBXContainerItemProxy section */
		6E6E455525096A1C00424ADF /* PBXContainerItemProxy */ = {
			isa = PBXContainerItemProxy;
			containerPortal = 6E6E453625096A1900424ADF /* Project object */;
			proxyType = 1;
			remoteGlobalIDString = 6E6E453D25096A1900424ADF;
			remoteInfo = Task1;
		};
		6E6E456025096A1C00424ADF /* PBXContainerItemProxy */ = {
			isa = PBXContainerItemProxy;
			containerPortal = 6E6E453625096A1900424ADF /* Project object */;
			proxyType = 1;
			remoteGlobalIDString = 6E6E453D25096A1900424ADF;
			remoteInfo = Task1;
		};
/* End PBXContainerItemProxy section */

/* Begin PBXFileReference section */
		6E6E453E25096A1900424ADF /* Task1.app */ = {isa = PBXFileReference; explicitFileType = wrapper.application; includeInIndex = 0; path = Task1.app; sourceTree = BUILT_PRODUCTS_DIR; };
		6E6E454125096A1A00424ADF /* AppDelegate.swift */ = {isa = PBXFileReference; lastKnownFileType = sourcecode.swift; path = AppDelegate.swift; sourceTree = "<group>"; };
		6E6E454325096A1A00424ADF /* SceneDelegate.swift */ = {isa = PBXFileReference; lastKnownFileType = sourcecode.swift; path = SceneDelegate.swift; sourceTree = "<group>"; };
		6E6E454525096A1A00424ADF /* ViewController.swift */ = {isa = PBXFileReference; lastKnownFileType = sourcecode.swift; path = ViewController.swift; sourceTree = "<group>"; };
		6E6E454825096A1A00424ADF /* Base */ = {isa = PBXFileReference; lastKnownFileType = file.storyboard; name = Base; path = Base.lproj/Main.storyboard; sourceTree = "<group>"; };
		6E6E454A25096A1C00424ADF /* Assets.xcassets */ = {isa = PBXFileReference; lastKnownFileType = folder.assetcatalog; path = Assets.xcassets; sourceTree = "<group>"; };
		6E6E454D25096A1C00424ADF /* Base */ = {isa = PBXFileReference; lastKnownFileType = file.storyboard; name = Base; path = Base.lproj/LaunchScreen.storyboard; sourceTree = "<group>"; };
		6E6E454F25096A1C00424ADF /* Info.plist */ = {isa = PBXFileReference; lastKnownFileType = text.plist.xml; path = Info.plist; sourceTree = "<group>"; };
		6E6E455425096A1C00424ADF /* Task1Tests.xctest */ = {isa = PBXFileReference; explicitFileType = wrapper.cfbundle; includeInIndex = 0; path = Task1Tests.xctest; sourceTree = BUILT_PRODUCTS_DIR; };
		6E6E455825096A1C00424ADF /* Task1Tests.swift */ = {isa = PBXFileReference; lastKnownFileType = sourcecode.swift; path = Task1Tests.swift; sourceTree = "<group>"; };
		6E6E455A25096A1C00424ADF /* Info.plist */ = {isa = PBXFileReference; lastKnownFileType = text.plist.xml; path = Info.plist; sourceTree = "<group>"; };
		6E6E455F25096A1C00424ADF /* Task1UITests.xctest */ = {isa = PBXFileReference; explicitFileType = wrapper.cfbundle; includeInIndex = 0; path = Task1UITests.xctest; sourceTree = BUILT_PRODUCTS_DIR; };
		6E6E456325096A1C00424ADF /* Task1UITests.swift */ = {isa = PBXFileReference; lastKnownFileType = sourcecode.swift; path = Task1UITests.swift; sourceTree = "<group>"; };
		6E6E456525096A1C00424ADF /* Info.plist */ = {isa = PBXFileReference; lastKnownFileType = text.plist.xml; path = Info.plist; sourceTree = "<group>"; };
		6EFA54452514EFFD003411EA /* ImageLoader.swift */ = {isa = PBXFileReference; lastKnownFileType = sourcecode.swift; path = ImageLoader.swift; sourceTree = "<group>"; };
/* End PBXFileReference section */

/* Begin PBXFrameworksBuildPhase section */
		6E6E453B25096A1900424ADF /* Frameworks */ = {
			isa = PBXFrameworksBuildPhase;
			buildActionMask = 2147483647;
			files = (
			);
			runOnlyForDeploymentPostprocessing = 0;
		};
		6E6E455125096A1C00424ADF /* Frameworks */ = {
			isa = PBXFrameworksBuildPhase;
			buildActionMask = 2147483647;
			files = (
			);
			runOnlyForDeploymentPostprocessing = 0;
		};
		6E6E455C25096A1C00424ADF /* Frameworks */ = {
			isa = PBXFrameworksBuildPhase;
			buildActionMask = 2147483647;
			files = (
			);
			runOnlyForDeploymentPostprocessing = 0;
		};
/* End PBXFrameworksBuildPhase section */

/* Begin PBXGroup section */
		6E6E453525096A1900424ADF = {
			isa = PBXGroup;
			children = (
				6E6E454025096A1A00424ADF /* Task1 */,
				6E6E455725096A1C00424ADF /* Task1Tests */,
				6E6E456225096A1C00424ADF /* Task1UITests */,
				6E6E453F25096A1900424ADF /* Products */,
			);
			sourceTree = "<group>";
		};
		6E6E453F25096A1900424ADF /* Products */ = {
			isa = PBXGroup;
			children = (
				6E6E453E25096A1900424ADF /* Task1.app */,
				6E6E455425096A1C00424ADF /* Task1Tests.xctest */,
				6E6E455F25096A1C00424ADF /* Task1UITests.xctest */,
			);
			name = Products;
			sourceTree = "<group>";
		};
		6E6E454025096A1A00424ADF /* Task1 */ = {
			isa = PBXGroup;
			children = (
				6E6E454125096A1A00424ADF /* AppDelegate.swift */,
				6E6E454325096A1A00424ADF /* SceneDelegate.swift */,
				6E6E454525096A1A00424ADF /* ViewController.swift */,
				6E6E454725096A1A00424ADF /* Main.storyboard */,
				6E6E454A25096A1C00424ADF /* Assets.xcassets */,
				6E6E454C25096A1C00424ADF /* LaunchScreen.storyboard */,
				6E6E454F25096A1C00424ADF /* Info.plist */,
				6EFA54452514EFFD003411EA /* ImageLoader.swift */,
			);
			path = Task1;
			sourceTree = "<group>";
		};
		6E6E455725096A1C00424ADF /* Task1Tests */ = {
			isa = PBXGroup;
			children = (
				6E6E455825096A1C00424ADF /* Task1Tests.swift */,
				6E6E455A25096A1C00424ADF /* Info.plist */,
			);
			path = Task1Tests;
			sourceTree = "<group>";
		};
		6E6E456225096A1C00424ADF /* Task1UITests */ = {
			isa = PBXGroup;
			children = (
				6E6E456325096A1C00424ADF /* Task1UITests.swift */,
				6E6E456525096A1C00424ADF /* Info.plist */,
			);
			path = Task1UITests;
			sourceTree = "<group>";
		};
/* End PBXGroup section */

/* Begin PBXNativeTarget section */
		6E6E453D25096A1900424ADF /* Task1 */ = {
			isa = PBXNativeTarget;
			buildConfigurationList = 6E6E456825096A1C00424ADF /* Build configuration list for PBXNativeTarget "Task1" */;
			buildPhases = (
				6E6E453A25096A1900424ADF /* Sources */,
				6E6E453B25096A1900424ADF /* Frameworks */,
				6E6E453C25096A1900424ADF /* Resources */,
			);
			buildRules = (
			);
			dependencies = (
			);
			name = Task1;
			productName = Task1;
			productReference = 6E6E453E25096A1900424ADF /* Task1.app */;
			productType = "com.apple.product-type.application";
		};
		6E6E455325096A1C00424ADF /* Task1Tests */ = {
			isa = PBXNativeTarget;
			buildConfigurationList = 6E6E456B25096A1C00424ADF /* Build configuration list for PBXNativeTarget "Task1Tests" */;
			buildPhases = (
				6E6E455025096A1C00424ADF /* Sources */,
				6E6E455125096A1C00424ADF /* Frameworks */,
				6E6E455225096A1C00424ADF /* Resources */,
			);
			buildRules = (
			);
			dependencies = (
				6E6E455625096A1C00424ADF /* PBXTargetDependency */,
			);
			name = Task1Tests;
			productName = Task1Tests;
			productReference = 6E6E455425096A1C00424ADF /* Task1Tests.xctest */;
			productType = "com.apple.product-type.bundle.unit-test";
		};
		6E6E455E25096A1C00424ADF /* Task1UITests */ = {
			isa = PBXNativeTarget;
			buildConfigurationList = 6E6E456E25096A1C00424ADF /* Build configuration list for PBXNativeTarget "Task1UITests" */;
			buildPhases = (
				6E6E455B25096A1C00424ADF /* Sources */,
				6E6E455C25096A1C00424ADF /* Frameworks */,
				6E6E455D25096A1C00424ADF /* Resources */,
			);
			buildRules = (
			);
			dependencies = (
				6E6E456125096A1C00424ADF /* PBXTargetDependency */,
			);
			name = Task1UITests;
			productName = Task1UITests;
			productReference = 6E6E455F25096A1C00424ADF /* Task1UITests.xctest */;
			productType = "com.apple.product-type.bundle.ui-testing";
		};
/* End PBXNativeTarget section */

/* Begin PBXProject section */
		6E6E453625096A1900424ADF /* Project object */ = {
			isa = PBXProject;
			attributes = {
				LastSwiftUpdateCheck = 1170;
				LastUpgradeCheck = 1170;
				ORGANIZATIONNAME = "Elizaveta Shabalina";
				TargetAttributes = {
					6E6E453D25096A1900424ADF = {
						CreatedOnToolsVersion = 11.7;
					};
					6E6E455325096A1C00424ADF = {
						CreatedOnToolsVersion = 11.7;
						TestTargetID = 6E6E453D25096A1900424ADF;
					};
					6E6E455E25096A1C00424ADF = {
						CreatedOnToolsVersion = 11.7;
						TestTargetID = 6E6E453D25096A1900424ADF;
					};
				};
			};
			buildConfigurationList = 6E6E453925096A1900424ADF /* Build configuration list for PBXProject "Task1" */;
			compatibilityVersion = "Xcode 9.3";
			developmentRegion = en;
			hasScannedForEncodings = 0;
			knownRegions = (
				en,
				Base,
			);
			mainGroup = 6E6E453525096A1900424ADF;
			productRefGroup = 6E6E453F25096A1900424ADF /* Products */;
			projectDirPath = "";
			projectRoot = "";
			targets = (
				6E6E453D25096A1900424ADF /* Task1 */,
				6E6E455325096A1C00424ADF /* Task1Tests */,
				6E6E455E25096A1C00424ADF /* Task1UITests */,
			);
		};
/* End PBXProject section */

/* Begin PBXResourcesBuildPhase section */
		6E6E453C25096A1900424ADF /* Resources */ = {
			isa = PBXResourcesBuildPhase;
			buildActionMask = 2147483647;
			files = (
				6E6E454E25096A1C00424ADF /* LaunchScreen.storyboard in Resources */,
				6E6E454B25096A1C00424ADF /* Assets.xcassets in Resources */,
				6E6E454925096A1A00424ADF /* Main.storyboard in Resources */,
			);
			runOnlyForDeploymentPostprocessing = 0;
		};
		6E6E455225096A1C00424ADF /* Resources */ = {
			isa = PBXResourcesBuildPhase;
			buildActionMask = 2147483647;
			files = (
			);
			runOnlyForDeploymentPostprocessing = 0;
		};
		6E6E455D25096A1C00424ADF /* Resources */ = {
			isa = PBXResourcesBuildPhase;
			buildActionMask = 2147483647;
			files = (
			);
			runOnlyForDeploymentPostprocessing = 0;
		};
/* End PBXResourcesBuildPhase section */

/* Begin PBXSourcesBuildPhase section */
		6E6E453A25096A1900424ADF /* Sources */ = {
			isa = PBXSourcesBuildPhase;
			buildActionMask = 2147483647;
			files = (
				6E6E454625096A1A00424ADF /* ViewController.swift in Sources */,
				6E6E454225096A1A00424ADF /* AppDelegate.swift in Sources */,
				6EFA54462514EFFD003411EA /* ImageLoader.swift in Sources */,
				6E6E454425096A1A00424ADF /* SceneDelegate.swift in Sources */,
			);
			runOnlyForDeploymentPostprocessing = 0;
		};
		6E6E455025096A1C00424ADF /* Sources */ = {
			isa = PBXSourcesBuildPhase;
			buildActionMask = 2147483647;
			files = (
				6E6E455925096A1C00424ADF /* Task1Tests.swift in Sources */,
			);
			runOnlyForDeploymentPostprocessing = 0;
		};
		6E6E455B25096A1C00424ADF /* Sources */ = {
			isa = PBXSourcesBuildPhase;
			buildActionMask = 2147483647;
			files = (
				6E6E456425096A1C00424ADF /* Task1UITests.swift in Sources */,
			);
			runOnlyForDeploymentPostprocessing = 0;
		};
/* End PBXSourcesBuildPhase section */

/* Begin PBXTargetDependency section */
		6E6E455625096A1C00424ADF /* PBXTargetDependency */ = {
			isa = PBXTargetDependency;
			target = 6E6E453D25096A1900424ADF /* Task1 */;
			targetProxy = 6E6E455525096A1C00424ADF /* PBXContainerItemProxy */;
		};
		6E6E456125096A1C00424ADF /* PBXTargetDependency */ = {
			isa = PBXTargetDependency;
			target = 6E6E453D25096A1900424ADF /* Task1 */;
			targetProxy = 6E6E456025096A1C00424ADF /* PBXContainerItemProxy */;
		};
/* End PBXTargetDependency section */

/* Begin PBXVariantGroup section */
		6E6E454725096A1A00424ADF /* Main.storyboard */ = {
			isa = PBXVariantGroup;
			children = (
				6E6E454825096A1A00424ADF /* Base */,
			);
			name = Main.storyboard;
			sourceTree = "<group>";
		};
		6E6E454C25096A1C00424ADF /* LaunchScreen.storyboard */ = {
			isa = PBXVariantGroup;
			children = (
				6E6E454D25096A1C00424ADF /* Base */,
			);
			name = LaunchScreen.storyboard;
			sourceTree = "<group>";
		};
/* End PBXVariantGroup section */

/* Begin XCBuildConfiguration section */
		6E6E456625096A1C00424ADF /* Debug */ = {
			isa = XCBuildConfiguration;
			buildSettings = {
				ALWAYS_SEARCH_USER_PATHS = NO;
				CLANG_ANALYZER_NONNULL = YES;
				CLANG_ANALYZER_NUMBER_OBJECT_CONVERSION = YES_AGGRESSIVE;
				CLANG_CXX_LANGUAGE_STANDARD = "gnu++14";
				CLANG_CXX_LIBRARY = "libc++";
				CLANG_ENABLE_MODULES = YES;
				CLANG_ENABLE_OBJC_ARC = YES;
				CLANG_ENABLE_OBJC_WEAK = YES;
				CLANG_WARN_BLOCK_CAPTURE_AUTORELEASING = YES;
				CLANG_WARN_BOOL_CONVERSION = YES;
				CLANG_WARN_COMMA = YES;
				CLANG_WARN_CONSTANT_CONVERSION = YES;
				CLANG_WARN_DEPRECATED_OBJC_IMPLEMENTATIONS = YES;
				CLANG_WARN_DIRECT_OBJC_ISA_USAGE = YES_ERROR;
				CLANG_WARN_DOCUMENTATION_COMMENTS = YES;
				CLANG_WARN_EMPTY_BODY = YES;
				CLANG_WARN_ENUM_CONVERSION = YES;
				CLANG_WARN_INFINITE_RECURSION = YES;
				CLANG_WARN_INT_CONVERSION = YES;
				CLANG_WARN_NON_LITERAL_NULL_CONVERSION = YES;
				CLANG_WARN_OBJC_IMPLICIT_RETAIN_SELF = YES;
				CLANG_WARN_OBJC_LITERAL_CONVERSION = YES;
				CLANG_WARN_OBJC_ROOT_CLASS = YES_ERROR;
				CLANG_WARN_RANGE_LOOP_ANALYSIS = YES;
				CLANG_WARN_STRICT_PROTOTYPES = YES;
				CLANG_WARN_SUSPICIOUS_MOVE = YES;
				CLANG_WARN_UNGUARDED_AVAILABILITY = YES_AGGRESSIVE;
				CLANG_WARN_UNREACHABLE_CODE = YES;
				CLANG_WARN__DUPLICATE_METHOD_MATCH = YES;
				COPY_PHASE_STRIP = NO;
				DEBUG_INFORMATION_FORMAT = dwarf;
				ENABLE_STRICT_OBJC_MSGSEND = YES;
				ENABLE_TESTABILITY = YES;
				GCC_C_LANGUAGE_STANDARD = gnu11;
				GCC_DYNAMIC_NO_PIC = NO;
				GCC_NO_COMMON_BLOCKS = YES;
				GCC_OPTIMIZATION_LEVEL = 0;
				GCC_PREPROCESSOR_DEFINITIONS = (
					"DEBUG=1",
					"$(inherited)",
				);
				GCC_WARN_64_TO_32_BIT_CONVERSION = YES;
				GCC_WARN_ABOUT_RETURN_TYPE = YES_ERROR;
				GCC_WARN_UNDECLARED_SELECTOR = YES;
				GCC_WARN_UNINITIALIZED_AUTOS = YES_AGGRESSIVE;
				GCC_WARN_UNUSED_FUNCTION = YES;
				GCC_WARN_UNUSED_VARIABLE = YES;
				IPHONEOS_DEPLOYMENT_TARGET = 13.7;
				MTL_ENABLE_DEBUG_INFO = INCLUDE_SOURCE;
				MTL_FAST_MATH = YES;
				ONLY_ACTIVE_ARCH = YES;
				SDKROOT = iphoneos;
				SWIFT_ACTIVE_COMPILATION_CONDITIONS = DEBUG;
				SWIFT_OPTIMIZATION_LEVEL = "-Onone";
			};
			name = Debug;
		};
		6E6E456725096A1C00424ADF /* Release */ = {
			isa = XCBuildConfiguration;
			buildSettings = {
				ALWAYS_SEARCH_USER_PATHS = NO;
				CLANG_ANALYZER_NONNULL = YES;
				CLANG_ANALYZER_NUMBER_OBJECT_CONVERSION = YES_AGGRESSIVE;
				CLANG_CXX_LANGUAGE_STANDARD = "gnu++14";
				CLANG_CXX_LIBRARY = "libc++";
				CLANG_ENABLE_MODULES = YES;
				CLANG_ENABLE_OBJC_ARC = YES;
				CLANG_ENABLE_OBJC_WEAK = YES;
				CLANG_WARN_BLOCK_CAPTURE_AUTORELEASING = YES;
				CLANG_WARN_BOOL_CONVERSION = YES;
				CLANG_WARN_COMMA = YES;
				CLANG_WARN_CONSTANT_CONVERSION = YES;
				CLANG_WARN_DEPRECATED_OBJC_IMPLEMENTATIONS = YES;
				CLANG_WARN_DIRECT_OBJC_ISA_USAGE = YES_ERROR;
				CLANG_WARN_DOCUMENTATION_COMMENTS = YES;
				CLANG_WARN_EMPTY_BODY = YES;
				CLANG_WARN_ENUM_CONVERSION = YES;
				CLANG_WARN_INFINITE_RECURSION = YES;
				CLANG_WARN_INT_CONVERSION = YES;
				CLANG_WARN_NON_LITERAL_NULL_CONVERSION = YES;
				CLANG_WARN_OBJC_IMPLICIT_RETAIN_SELF = YES;
				CLANG_WARN_OBJC_LITERAL_CONVERSION = YES;
				CLANG_WARN_OBJC_ROOT_CLASS = YES_ERROR;
				CLANG_WARN_RANGE_LOOP_ANALYSIS = YES;
				CLANG_WARN_STRICT_PROTOTYPES = YES;
				CLANG_WARN_SUSPICIOUS_MOVE = YES;
				CLANG_WARN_UNGUARDED_AVAILABILITY = YES_AGGRESSIVE;
				CLANG_WARN_UNREACHABLE_CODE = YES;
				CLANG_WARN__DUPLICATE_METHOD_MATCH = YES;
				COPY_PHASE_STRIP = NO;
				DEBUG_INFORMATION_FORMAT = "dwarf-with-dsym";
				ENABLE_NS_ASSERTIONS = NO;
				ENABLE_STRICT_OBJC_MSGSEND = YES;
				GCC_C_LANGUAGE_STANDARD = gnu11;
				GCC_NO_COMMON_BLOCKS = YES;
				GCC_WARN_64_TO_32_BIT_CONVERSION = YES;
				GCC_WARN_ABOUT_RETURN_TYPE = YES_ERROR;
				GCC_WARN_UNDECLARED_SELECTOR = YES;
				GCC_WARN_UNINITIALIZED_AUTOS = YES_AGGRESSIVE;
				GCC_WARN_UNUSED_FUNCTION = YES;
				GCC_WARN_UNUSED_VARIABLE = YES;
				IPHONEOS_DEPLOYMENT_TARGET = 13.7;
				MTL_ENABLE_DEBUG_INFO = NO;
				MTL_FAST_MATH = YES;
				SDKROOT = iphoneos;
				SWIFT_COMPILATION_MODE = wholemodule;
				SWIFT_OPTIMIZATION_LEVEL = "-O";
				VALIDATE_PRODUCT = YES;
			};
			name = Release;
		};
		6E6E456925096A1C00424ADF /* Debug */ = {
			isa = XCBuildConfiguration;
			buildSettings = {
				ASSETCATALOG_COMPILER_APPICON_NAME = AppIcon;
				CODE_SIGN_STYLE = Automatic;
				DEVELOPMENT_TEAM = GB63DXJ3RU;
				INFOPLIST_FILE = Task1/Info.plist;
				LD_RUNPATH_SEARCH_PATHS = (
					"$(inherited)",
					"@executable_path/Frameworks",
				);
				PRODUCT_BUNDLE_IDENTIFIER = shabalina.com.Task1;
				PRODUCT_NAME = "$(TARGET_NAME)";
				SWIFT_VERSION = 5.0;
				TARGETED_DEVICE_FAMILY = "1,2";
			};
			name = Debug;
		};
		6E6E456A25096A1C00424ADF /* Release */ = {
			isa = XCBuildConfiguration;
			buildSettings = {
				ASSETCATALOG_COMPILER_APPICON_NAME = AppIcon;
				CODE_SIGN_STYLE = Automatic;
				DEVELOPMENT_TEAM = GB63DXJ3RU;
				INFOPLIST_FILE = Task1/Info.plist;
				LD_RUNPATH_SEARCH_PATHS = (
					"$(inherited)",
					"@executable_path/Frameworks",
				);
				PRODUCT_BUNDLE_IDENTIFIER = shabalina.com.Task1;
				PRODUCT_NAME = "$(TARGET_NAME)";
				SWIFT_VERSION = 5.0;
				TARGETED_DEVICE_FAMILY = "1,2";
			};
			name = Release;
		};
		6E6E456C25096A1C00424ADF /* Debug */ = {
			isa = XCBuildConfiguration;
			buildSettings = {
				ALWAYS_EMBED_SWIFT_STANDARD_LIBRARIES = YES;
				BUNDLE_LOADER = "$(TEST_HOST)";
				CODE_SIGN_STYLE = Automatic;
				DEVELOPMENT_TEAM = GB63DXJ3RU;
				INFOPLIST_FILE = Task1Tests/Info.plist;
				IPHONEOS_DEPLOYMENT_TARGET = 13.7;
				LD_RUNPATH_SEARCH_PATHS = (
					"$(inherited)",
					"@executable_path/Frameworks",
					"@loader_path/Frameworks",
				);
				PRODUCT_BUNDLE_IDENTIFIER = shabalina.com.Task1Tests;
				PRODUCT_NAME = "$(TARGET_NAME)";
				SWIFT_VERSION = 5.0;
				TARGETED_DEVICE_FAMILY = "1,2";
				TEST_HOST = "$(BUILT_PRODUCTS_DIR)/Task1.app/Task1";
			};
			name = Debug;
		};
		6E6E456D25096A1C00424ADF /* Release */ = {
			isa = XCBuildConfiguration;
			buildSettings = {
				ALWAYS_EMBED_SWIFT_STANDARD_LIBRARIES = YES;
				BUNDLE_LOADER = "$(TEST_HOST)";
				CODE_SIGN_STYLE = Automatic;
				DEVELOPMENT_TEAM = GB63DXJ3RU;
				INFOPLIST_FILE = Task1Tests/Info.plist;
				IPHONEOS_DEPLOYMENT_TARGET = 13.7;
				LD_RUNPATH_SEARCH_PATHS = (
					"$(inherited)",
					"@executable_path/Frameworks",
					"@loader_path/Frameworks",
				);
				PRODUCT_BUNDLE_IDENTIFIER = shabalina.com.Task1Tests;
				PRODUCT_NAME = "$(TARGET_NAME)";
				SWIFT_VERSION = 5.0;
				TARGETED_DEVICE_FAMILY = "1,2";
				TEST_HOST = "$(BUILT_PRODUCTS_DIR)/Task1.app/Task1";
			};
			name = Release;
		};
		6E6E456F25096A1C00424ADF /* Debug */ = {
			isa = XCBuildConfiguration;
			buildSettings = {
				ALWAYS_EMBED_SWIFT_STANDARD_LIBRARIES = YES;
				CODE_SIGN_STYLE = Automatic;
				DEVELOPMENT_TEAM = GB63DXJ3RU;
				INFOPLIST_FILE = Task1UITests/Info.plist;
				LD_RUNPATH_SEARCH_PATHS = (
					"$(inherited)",
					"@executable_path/Frameworks",
					"@loader_path/Frameworks",
				);
				PRODUCT_BUNDLE_IDENTIFIER = shabalina.com.Task1UITests;
				PRODUCT_NAME = "$(TARGET_NAME)";
				SWIFT_VERSION = 5.0;
				TARGETED_DEVICE_FAMILY = "1,2";
				TEST_TARGET_NAME = Task1;
			};
			name = Debug;
		};
		6E6E457025096A1C00424ADF /* Release */ = {
			isa = XCBuildConfiguration;
			buildSettings = {
				ALWAYS_EMBED_SWIFT_STANDARD_LIBRARIES = YES;
				CODE_SIGN_STYLE = Automatic;
				DEVELOPMENT_TEAM = GB63DXJ3RU;
				INFOPLIST_FILE = Task1UITests/Info.plist;
				LD_RUNPATH_SEARCH_PATHS = (
					"$(inherited)",
					"@executable_path/Frameworks",
					"@loader_path/Frameworks",
				);
				PRODUCT_BUNDLE_IDENTIFIER = shabalina.com.Task1UITests;
				PRODUCT_NAME = "$(TARGET_NAME)";
				SWIFT_VERSION = 5.0;
				TARGETED_DEVICE_FAMILY = "1,2";
				TEST_TARGET_NAME = Task1;
			};
			name = Release;
		};
/* End XCBuildConfiguration section */

/* Begin XCConfigurationList section */
		6E6E453925096A1900424ADF /* Build configuration list for PBXProject "Task1" */ = {
			isa = XCConfigurationList;
			buildConfigurations = (
				6E6E456625096A1C00424ADF /* Debug */,
				6E6E456725096A1C00424ADF /* Release */,
			);
			defaultConfigurationIsVisible = 0;
			defaultConfigurationName = Release;
		};
		6E6E456825096A1C00424ADF /* Build configuration list for PBXNativeTarget "Task1" */ = {
			isa = XCConfigurationList;
			buildConfigurations = (
				6E6E456925096A1C00424ADF /* Debug */,
				6E6E456A25096A1C00424ADF /* Release */,
			);
			defaultConfigurationIsVisible = 0;
			defaultConfigurationName = Release;
		};
		6E6E456B25096A1C00424ADF /* Build configuration list for PBXNativeTarget "Task1Tests" */ = {
			isa = XCConfigurationList;
			buildConfigurations = (
				6E6E456C25096A1C00424ADF /* Debug */,
				6E6E456D25096A1C00424ADF /* Release */,
			);
			defaultConfigurationIsVisible = 0;
			defaultConfigurationName = Release;
		};
		6E6E456E25096A1C00424ADF /* Build configuration list for PBXNativeTarget "Task1UITests" */ = {
			isa = XCConfigurationList;
			buildConfigurations = (
				6E6E456F25096A1C00424ADF /* Debug */,
				6E6E457025096A1C00424ADF /* Release */,
			);
			defaultConfigurationIsVisible = 0;
			defaultConfigurationName = Release;
		};
/* End XCConfigurationList section */
	};
	rootObject = 6E6E453625096A1900424ADF /* Project object */;
}
